// !$*UTF8*$!
{
	archiveVersion = 1;
	classes = {
	};
	objectVersion = 55;
	objects = {

/* Begin PBXBuildFile section */
		FB452B4528F7D4E40095D666 /* LayoutCell.swift in Sources */ = {isa = PBXBuildFile; fileRef = FB452B4328F7D4E40095D666 /* LayoutCell.swift */; };
		FB452B4628F7D4E40095D666 /* LayoutCell.xib in Resources */ = {isa = PBXBuildFile; fileRef = FB452B4428F7D4E40095D666 /* LayoutCell.xib */; };
		FB70437928E8215300364BBA /* CompositionalLayoutViewController.swift in Sources */ = {isa = PBXBuildFile; fileRef = FB70437828E8215300364BBA /* CompositionalLayoutViewController.swift */; };
		FB70437E28EABCF800364BBA /* TestNumberCellCollectionViewCell.swift in Sources */ = {isa = PBXBuildFile; fileRef = FB70437C28EABCF800364BBA /* TestNumberCellCollectionViewCell.swift */; };
		FB70437F28EABCF800364BBA /* TestNumberCellCollectionViewCell.xib in Resources */ = {isa = PBXBuildFile; fileRef = FB70437D28EABCF800364BBA /* TestNumberCellCollectionViewCell.xib */; };
		FB7ADA0428BE5D06003B0AC9 /* AppDelegate.swift in Sources */ = {isa = PBXBuildFile; fileRef = FB7ADA0328BE5D06003B0AC9 /* AppDelegate.swift */; };
		FB7ADA0628BE5D06003B0AC9 /* SceneDelegate.swift in Sources */ = {isa = PBXBuildFile; fileRef = FB7ADA0528BE5D06003B0AC9 /* SceneDelegate.swift */; };
		FB7ADA0828BE5D06003B0AC9 /* ViewController.swift in Sources */ = {isa = PBXBuildFile; fileRef = FB7ADA0728BE5D06003B0AC9 /* ViewController.swift */; };
		FB7ADA0B28BE5D06003B0AC9 /* Main.storyboard in Resources */ = {isa = PBXBuildFile; fileRef = FB7ADA0928BE5D06003B0AC9 /* Main.storyboard */; };
		FB7ADA0D28BE5D07003B0AC9 /* Assets.xcassets in Resources */ = {isa = PBXBuildFile; fileRef = FB7ADA0C28BE5D07003B0AC9 /* Assets.xcassets */; };
		FB7ADA1028BE5D07003B0AC9 /* LaunchScreen.storyboard in Resources */ = {isa = PBXBuildFile; fileRef = FB7ADA0E28BE5D07003B0AC9 /* LaunchScreen.storyboard */; };
		FB7ADA1928BE5DFA003B0AC9 /* UICollectionViewExtension.swift in Sources */ = {isa = PBXBuildFile; fileRef = FB7ADA1828BE5DFA003B0AC9 /* UICollectionViewExtension.swift */; };
		FB7ADA1C28BE5E42003B0AC9 /* MainMenuCell.swift in Sources */ = {isa = PBXBuildFile; fileRef = FB7ADA1A28BE5E42003B0AC9 /* MainMenuCell.swift */; };
		FB7ADA1D28BE5E42003B0AC9 /* MainMenuCell.xib in Resources */ = {isa = PBXBuildFile; fileRef = FB7ADA1B28BE5E42003B0AC9 /* MainMenuCell.xib */; };
		FB93F2FF28C6420E00C5F4FA /* CarouselEffectViewController.swift in Sources */ = {isa = PBXBuildFile; fileRef = FB93F2FE28C6420E00C5F4FA /* CarouselEffectViewController.swift */; };
		FBDA4C0328C7897E00FAC7A1 /* CarouselEffectCell.swift in Sources */ = {isa = PBXBuildFile; fileRef = FBDA4C0128C7897E00FAC7A1 /* CarouselEffectCell.swift */; };
		FBDA4C0428C7897E00FAC7A1 /* CarouselEffectCell.xib in Resources */ = {isa = PBXBuildFile; fileRef = FBDA4C0228C7897E00FAC7A1 /* CarouselEffectCell.xib */; };
		FBDA4C0628C78A6F00FAC7A1 /* UIColorExtension.swift in Sources */ = {isa = PBXBuildFile; fileRef = FBDA4C0528C78A6F00FAC7A1 /* UIColorExtension.swift */; };
/* End PBXBuildFile section */

/* Begin PBXFileReference section */
		FB452B4328F7D4E40095D666 /* LayoutCell.swift */ = {isa = PBXFileReference; lastKnownFileType = sourcecode.swift; path = LayoutCell.swift; sourceTree = "<group>"; };
		FB452B4428F7D4E40095D666 /* LayoutCell.xib */ = {isa = PBXFileReference; lastKnownFileType = file.xib; path = LayoutCell.xib; sourceTree = "<group>"; };
		FB70437828E8215300364BBA /* CompositionalLayoutViewController.swift */ = {isa = PBXFileReference; lastKnownFileType = sourcecode.swift; path = CompositionalLayoutViewController.swift; sourceTree = "<group>"; };
		FB70437C28EABCF800364BBA /* TestNumberCellCollectionViewCell.swift */ = {isa = PBXFileReference; lastKnownFileType = sourcecode.swift; path = TestNumberCellCollectionViewCell.swift; sourceTree = "<group>"; };
		FB70437D28EABCF800364BBA /* TestNumberCellCollectionViewCell.xib */ = {isa = PBXFileReference; lastKnownFileType = file.xib; path = TestNumberCellCollectionViewCell.xib; sourceTree = "<group>"; };
		FB7ADA0028BE5D06003B0AC9 /* UIKitStudy.app */ = {isa = PBXFileReference; explicitFileType = wrapper.application; includeInIndex = 0; path = UIKitStudy.app; sourceTree = BUILT_PRODUCTS_DIR; };
		FB7ADA0328BE5D06003B0AC9 /* AppDelegate.swift */ = {isa = PBXFileReference; lastKnownFileType = sourcecode.swift; path = AppDelegate.swift; sourceTree = "<group>"; };
		FB7ADA0528BE5D06003B0AC9 /* SceneDelegate.swift */ = {isa = PBXFileReference; lastKnownFileType = sourcecode.swift; path = SceneDelegate.swift; sourceTree = "<group>"; };
		FB7ADA0728BE5D06003B0AC9 /* ViewController.swift */ = {isa = PBXFileReference; lastKnownFileType = sourcecode.swift; path = ViewController.swift; sourceTree = "<group>"; };
		FB7ADA0A28BE5D06003B0AC9 /* Base */ = {isa = PBXFileReference; lastKnownFileType = file.storyboard; name = Base; path = Base.lproj/Main.storyboard; sourceTree = "<group>"; };
		FB7ADA0C28BE5D07003B0AC9 /* Assets.xcassets */ = {isa = PBXFileReference; lastKnownFileType = folder.assetcatalog; path = Assets.xcassets; sourceTree = "<group>"; };
		FB7ADA0F28BE5D07003B0AC9 /* Base */ = {isa = PBXFileReference; lastKnownFileType = file.storyboard; name = Base; path = Base.lproj/LaunchScreen.storyboard; sourceTree = "<group>"; };
		FB7ADA1128BE5D07003B0AC9 /* Info.plist */ = {isa = PBXFileReference; lastKnownFileType = text.plist.xml; path = Info.plist; sourceTree = "<group>"; };
		FB7ADA1828BE5DFA003B0AC9 /* UICollectionViewExtension.swift */ = {isa = PBXFileReference; lastKnownFileType = sourcecode.swift; path = UICollectionViewExtension.swift; sourceTree = "<group>"; };
		FB7ADA1A28BE5E42003B0AC9 /* MainMenuCell.swift */ = {isa = PBXFileReference; lastKnownFileType = sourcecode.swift; path = MainMenuCell.swift; sourceTree = "<group>"; };
		FB7ADA1B28BE5E42003B0AC9 /* MainMenuCell.xib */ = {isa = PBXFileReference; lastKnownFileType = file.xib; path = MainMenuCell.xib; sourceTree = "<group>"; };
		FB93F2FE28C6420E00C5F4FA /* CarouselEffectViewController.swift */ = {isa = PBXFileReference; lastKnownFileType = sourcecode.swift; path = CarouselEffectViewController.swift; sourceTree = "<group>"; };
		FBDA4C0128C7897E00FAC7A1 /* CarouselEffectCell.swift */ = {isa = PBXFileReference; lastKnownFileType = sourcecode.swift; path = CarouselEffectCell.swift; sourceTree = "<group>"; };
		FBDA4C0228C7897E00FAC7A1 /* CarouselEffectCell.xib */ = {isa = PBXFileReference; lastKnownFileType = file.xib; path = CarouselEffectCell.xib; sourceTree = "<group>"; };
		FBDA4C0528C78A6F00FAC7A1 /* UIColorExtension.swift */ = {isa = PBXFileReference; lastKnownFileType = sourcecode.swift; path = UIColorExtension.swift; sourceTree = "<group>"; };
/* End PBXFileReference section */

/* Begin PBXFrameworksBuildPhase section */
		FB7AD9FD28BE5D06003B0AC9 /* Frameworks */ = {
			isa = PBXFrameworksBuildPhase;
			buildActionMask = 2147483647;
			files = (
			);
			runOnlyForDeploymentPostprocessing = 0;
		};
/* End PBXFrameworksBuildPhase section */

/* Begin PBXGroup section */
		FB452B4228F7D4CE0095D666 /* LayoutCell */ = {
			isa = PBXGroup;
			children = (
				FB452B4328F7D4E40095D666 /* LayoutCell.swift */,
				FB452B4428F7D4E40095D666 /* LayoutCell.xib */,
			);
			path = LayoutCell;
			sourceTree = "<group>";
		};
		FB70437728E8212100364BBA /* CompositionalLayout */ = {
			isa = PBXGroup;
			children = (
				FB452B4228F7D4CE0095D666 /* LayoutCell */,
				FB70437B28EABCB000364BBA /* TestNumberCell */,
				FB70437A28EABA8C00364BBA /* InstaFeed */,
				FB70437828E8215300364BBA /* CompositionalLayoutViewController.swift */,
			);
			path = CompositionalLayout;
			sourceTree = "<group>";
		};
		FB70437A28EABA8C00364BBA /* InstaFeed */ = {
			isa = PBXGroup;
			children = (
			);
			path = InstaFeed;
			sourceTree = "<group>";
		};
		FB70437B28EABCB000364BBA /* TestNumberCell */ = {
			isa = PBXGroup;
			children = (
				FB70437C28EABCF800364BBA /* TestNumberCellCollectionViewCell.swift */,
				FB70437D28EABCF800364BBA /* TestNumberCellCollectionViewCell.xib */,
			);
			path = TestNumberCell;
			sourceTree = "<group>";
		};
		FB7AD9F728BE5D06003B0AC9 = {
			isa = PBXGroup;
			children = (
				FB7ADA0228BE5D06003B0AC9 /* UIKitStudy */,
				FB7ADA0128BE5D06003B0AC9 /* Products */,
			);
			sourceTree = "<group>";
		};
		FB7ADA0128BE5D06003B0AC9 /* Products */ = {
			isa = PBXGroup;
			children = (
				FB7ADA0028BE5D06003B0AC9 /* UIKitStudy.app */,
			);
			name = Products;
			sourceTree = "<group>";
		};
		FB7ADA0228BE5D06003B0AC9 /* UIKitStudy */ = {
			isa = PBXGroup;
			children = (
				FB7ADA0328BE5D06003B0AC9 /* AppDelegate.swift */,
				FB7ADA0528BE5D06003B0AC9 /* SceneDelegate.swift */,
				FB7ADA0728BE5D06003B0AC9 /* ViewController.swift */,
				FB7ADA1A28BE5E42003B0AC9 /* MainMenuCell.swift */,
				FB7ADA1B28BE5E42003B0AC9 /* MainMenuCell.xib */,
				FB7ADA0928BE5D06003B0AC9 /* Main.storyboard */,
				FB7ADA1728BE5DE0003B0AC9 /* Extension */,
				FBDA4C0028C7893100FAC7A1 /* CarouselEffect */,
				FB70437728E8212100364BBA /* CompositionalLayout */,
				FB7ADA0C28BE5D07003B0AC9 /* Assets.xcassets */,
				FB7ADA0E28BE5D07003B0AC9 /* LaunchScreen.storyboard */,
				FB7ADA1128BE5D07003B0AC9 /* Info.plist */,
			);
			path = UIKitStudy;
			sourceTree = "<group>";
		};
		FB7ADA1728BE5DE0003B0AC9 /* Extension */ = {
			isa = PBXGroup;
			children = (
				FB7ADA1828BE5DFA003B0AC9 /* UICollectionViewExtension.swift */,
				FBDA4C0528C78A6F00FAC7A1 /* UIColorExtension.swift */,
			);
			path = Extension;
			sourceTree = "<group>";
		};
		FBDA4C0028C7893100FAC7A1 /* CarouselEffect */ = {
			isa = PBXGroup;
			children = (
				FB93F2FE28C6420E00C5F4FA /* CarouselEffectViewController.swift */,
				FBDA4C0128C7897E00FAC7A1 /* CarouselEffectCell.swift */,
				FBDA4C0228C7897E00FAC7A1 /* CarouselEffectCell.xib */,
			);
			path = CarouselEffect;
			sourceTree = "<group>";
		};
/* End PBXGroup section */

/* Begin PBXNativeTarget section */
		FB7AD9FF28BE5D06003B0AC9 /* UIKitStudy */ = {
			isa = PBXNativeTarget;
			buildConfigurationList = FB7ADA1428BE5D07003B0AC9 /* Build configuration list for PBXNativeTarget "UIKitStudy" */;
			buildPhases = (
				FB7AD9FC28BE5D06003B0AC9 /* Sources */,
				FB7AD9FD28BE5D06003B0AC9 /* Frameworks */,
				FB7AD9FE28BE5D06003B0AC9 /* Resources */,
			);
			buildRules = (
			);
			dependencies = (
			);
			name = UIKitStudy;
			productName = UIKitStudy;
			productReference = FB7ADA0028BE5D06003B0AC9 /* UIKitStudy.app */;
			productType = "com.apple.product-type.application";
		};
/* End PBXNativeTarget section */

/* Begin PBXProject section */
		FB7AD9F828BE5D06003B0AC9 /* Project object */ = {
			isa = PBXProject;
			attributes = {
				BuildIndependentTargetsInParallel = 1;
				LastSwiftUpdateCheck = 1340;
				LastUpgradeCheck = 1340;
				TargetAttributes = {
					FB7AD9FF28BE5D06003B0AC9 = {
						CreatedOnToolsVersion = 13.4;
					};
				};
			};
			buildConfigurationList = FB7AD9FB28BE5D06003B0AC9 /* Build configuration list for PBXProject "UIKitStudy" */;
			compatibilityVersion = "Xcode 13.0";
			developmentRegion = en;
			hasScannedForEncodings = 0;
			knownRegions = (
				en,
				Base,
			);
			mainGroup = FB7AD9F728BE5D06003B0AC9;
			productRefGroup = FB7ADA0128BE5D06003B0AC9 /* Products */;
			projectDirPath = "";
			projectRoot = "";
			targets = (
				FB7AD9FF28BE5D06003B0AC9 /* UIKitStudy */,
			);
		};
/* End PBXProject section */

/* Begin PBXResourcesBuildPhase section */
		FB7AD9FE28BE5D06003B0AC9 /* Resources */ = {
			isa = PBXResourcesBuildPhase;
			buildActionMask = 2147483647;
			files = (
				FB7ADA1028BE5D07003B0AC9 /* LaunchScreen.storyboard in Resources */,
				FB7ADA0D28BE5D07003B0AC9 /* Assets.xcassets in Resources */,
				FB452B4628F7D4E40095D666 /* LayoutCell.xib in Resources */,
				FB7ADA0B28BE5D06003B0AC9 /* Main.storyboard in Resources */,
				FB70437F28EABCF800364BBA /* TestNumberCellCollectionViewCell.xib in Resources */,
				FB7ADA1D28BE5E42003B0AC9 /* MainMenuCell.xib in Resources */,
				FBDA4C0428C7897E00FAC7A1 /* CarouselEffectCell.xib in Resources */,
			);
			runOnlyForDeploymentPostprocessing = 0;
		};
/* End PBXResourcesBuildPhase section */

/* Begin PBXSourcesBuildPhase section */
		FB7AD9FC28BE5D06003B0AC9 /* Sources */ = {
			isa = PBXSourcesBuildPhase;
			buildActionMask = 2147483647;
			files = (
				FB7ADA1928BE5DFA003B0AC9 /* UICollectionViewExtension.swift in Sources */,
				FB70437E28EABCF800364BBA /* TestNumberCellCollectionViewCell.swift in Sources */,
				FB93F2FF28C6420E00C5F4FA /* CarouselEffectViewController.swift in Sources */,
				FBDA4C0328C7897E00FAC7A1 /* CarouselEffectCell.swift in Sources */,
				FB70437928E8215300364BBA /* CompositionalLayoutViewController.swift in Sources */,
				FB452B4528F7D4E40095D666 /* LayoutCell.swift in Sources */,
				FBDA4C0628C78A6F00FAC7A1 /* UIColorExtension.swift in Sources */,
				FB7ADA0828BE5D06003B0AC9 /* ViewController.swift in Sources */,
				FB7ADA0428BE5D06003B0AC9 /* AppDelegate.swift in Sources */,
				FB7ADA0628BE5D06003B0AC9 /* SceneDelegate.swift in Sources */,
				FB7ADA1C28BE5E42003B0AC9 /* MainMenuCell.swift in Sources */,
			);
			runOnlyForDeploymentPostprocessing = 0;
		};
/* End PBXSourcesBuildPhase section */

/* Begin PBXVariantGroup section */
		FB7ADA0928BE5D06003B0AC9 /* Main.storyboard */ = {
			isa = PBXVariantGroup;
			children = (
				FB7ADA0A28BE5D06003B0AC9 /* Base */,
			);
			name = Main.storyboard;
			sourceTree = "<group>";
		};
		FB7ADA0E28BE5D07003B0AC9 /* LaunchScreen.storyboard */ = {
			isa = PBXVariantGroup;
			children = (
				FB7ADA0F28BE5D07003B0AC9 /* Base */,
			);
			name = LaunchScreen.storyboard;
			sourceTree = "<group>";
		};
/* End PBXVariantGroup section */

/* Begin XCBuildConfiguration section */
		FB7ADA1228BE5D07003B0AC9 /* Debug */ = {
			isa = XCBuildConfiguration;
			buildSettings = {
				ALWAYS_SEARCH_USER_PATHS = NO;
				CLANG_ANALYZER_NONNULL = YES;
				CLANG_ANALYZER_NUMBER_OBJECT_CONVERSION = YES_AGGRESSIVE;
				CLANG_CXX_LANGUAGE_STANDARD = "gnu++17";
				CLANG_ENABLE_MODULES = YES;
				CLANG_ENABLE_OBJC_ARC = YES;
				CLANG_ENABLE_OBJC_WEAK = YES;
				CLANG_WARN_BLOCK_CAPTURE_AUTORELEASING = YES;
				CLANG_WARN_BOOL_CONVERSION = YES;
				CLANG_WARN_COMMA = YES;
				CLANG_WARN_CONSTANT_CONVERSION = YES;
				CLANG_WARN_DEPRECATED_OBJC_IMPLEMENTATIONS = YES;
				CLANG_WARN_DIRECT_OBJC_ISA_USAGE = YES_ERROR;
				CLANG_WARN_DOCUMENTATION_COMMENTS = YES;
				CLANG_WARN_EMPTY_BODY = YES;
				CLANG_WARN_ENUM_CONVERSION = YES;
				CLANG_WARN_INFINITE_RECURSION = YES;
				CLANG_WARN_INT_CONVERSION = YES;
				CLANG_WARN_NON_LITERAL_NULL_CONVERSION = YES;
				CLANG_WARN_OBJC_IMPLICIT_RETAIN_SELF = YES;
				CLANG_WARN_OBJC_LITERAL_CONVERSION = YES;
				CLANG_WARN_OBJC_ROOT_CLASS = YES_ERROR;
				CLANG_WARN_QUOTED_INCLUDE_IN_FRAMEWORK_HEADER = YES;
				CLANG_WARN_RANGE_LOOP_ANALYSIS = YES;
				CLANG_WARN_STRICT_PROTOTYPES = YES;
				CLANG_WARN_SUSPICIOUS_MOVE = YES;
				CLANG_WARN_UNGUARDED_AVAILABILITY = YES_AGGRESSIVE;
				CLANG_WARN_UNREACHABLE_CODE = YES;
				CLANG_WARN__DUPLICATE_METHOD_MATCH = YES;
				COPY_PHASE_STRIP = NO;
				DEBUG_INFORMATION_FORMAT = dwarf;
				ENABLE_STRICT_OBJC_MSGSEND = YES;
				ENABLE_TESTABILITY = YES;
				GCC_C_LANGUAGE_STANDARD = gnu11;
				GCC_DYNAMIC_NO_PIC = NO;
				GCC_NO_COMMON_BLOCKS = YES;
				GCC_OPTIMIZATION_LEVEL = 0;
				GCC_PREPROCESSOR_DEFINITIONS = (
					"DEBUG=1",
					"$(inherited)",
				);
				GCC_WARN_64_TO_32_BIT_CONVERSION = YES;
				GCC_WARN_ABOUT_RETURN_TYPE = YES_ERROR;
				GCC_WARN_UNDECLARED_SELECTOR = YES;
				GCC_WARN_UNINITIALIZED_AUTOS = YES_AGGRESSIVE;
				GCC_WARN_UNUSED_FUNCTION = YES;
				GCC_WARN_UNUSED_VARIABLE = YES;
				IPHONEOS_DEPLOYMENT_TARGET = 15.5;
				MTL_ENABLE_DEBUG_INFO = INCLUDE_SOURCE;
				MTL_FAST_MATH = YES;
				ONLY_ACTIVE_ARCH = YES;
				SDKROOT = iphoneos;
				SWIFT_ACTIVE_COMPILATION_CONDITIONS = DEBUG;
				SWIFT_OPTIMIZATION_LEVEL = "-Onone";
			};
			name = Debug;
		};
		FB7ADA1328BE5D07003B0AC9 /* Release */ = {
			isa = XCBuildConfiguration;
			buildSettings = {
				ALWAYS_SEARCH_USER_PATHS = NO;
				CLANG_ANALYZER_NONNULL = YES;
				CLANG_ANALYZER_NUMBER_OBJECT_CONVERSION = YES_AGGRESSIVE;
				CLANG_CXX_LANGUAGE_STANDARD = "gnu++17";
				CLANG_ENABLE_MODULES = YES;
				CLANG_ENABLE_OBJC_ARC = YES;
				CLANG_ENABLE_OBJC_WEAK = YES;
				CLANG_WARN_BLOCK_CAPTURE_AUTORELEASING = YES;
				CLANG_WARN_BOOL_CONVERSION = YES;
				CLANG_WARN_COMMA = YES;
				CLANG_WARN_CONSTANT_CONVERSION = YES;
				CLANG_WARN_DEPRECATED_OBJC_IMPLEMENTATIONS = YES;
				CLANG_WARN_DIRECT_OBJC_ISA_USAGE = YES_ERROR;
				CLANG_WARN_DOCUMENTATION_COMMENTS = YES;
				CLANG_WARN_EMPTY_BODY = YES;
				CLANG_WARN_ENUM_CONVERSION = YES;
				CLANG_WARN_INFINITE_RECURSION = YES;
				CLANG_WARN_INT_CONVERSION = YES;
				CLANG_WARN_NON_LITERAL_NULL_CONVERSION = YES;
				CLANG_WARN_OBJC_IMPLICIT_RETAIN_SELF = YES;
				CLANG_WARN_OBJC_LITERAL_CONVERSION = YES;
				CLANG_WARN_OBJC_ROOT_CLASS = YES_ERROR;
				CLANG_WARN_QUOTED_INCLUDE_IN_FRAMEWORK_HEADER = YES;
				CLANG_WARN_RANGE_LOOP_ANALYSIS = YES;
				CLANG_WARN_STRICT_PROTOTYPES = YES;
				CLANG_WARN_SUSPICIOUS_MOVE = YES;
				CLANG_WARN_UNGUARDED_AVAILABILITY = YES_AGGRESSIVE;
				CLANG_WARN_UNREACHABLE_CODE = YES;
				CLANG_WARN__DUPLICATE_METHOD_MATCH = YES;
				COPY_PHASE_STRIP = NO;
				DEBUG_INFORMATION_FORMAT = "dwarf-with-dsym";
				ENABLE_NS_ASSERTIONS = NO;
				ENABLE_STRICT_OBJC_MSGSEND = YES;
				GCC_C_LANGUAGE_STANDARD = gnu11;
				GCC_NO_COMMON_BLOCKS = YES;
				GCC_WARN_64_TO_32_BIT_CONVERSION = YES;
				GCC_WARN_ABOUT_RETURN_TYPE = YES_ERROR;
				GCC_WARN_UNDECLARED_SELECTOR = YES;
				GCC_WARN_UNINITIALIZED_AUTOS = YES_AGGRESSIVE;
				GCC_WARN_UNUSED_FUNCTION = YES;
				GCC_WARN_UNUSED_VARIABLE = YES;
				IPHONEOS_DEPLOYMENT_TARGET = 15.5;
				MTL_ENABLE_DEBUG_INFO = NO;
				MTL_FAST_MATH = YES;
				SDKROOT = iphoneos;
				SWIFT_COMPILATION_MODE = wholemodule;
				SWIFT_OPTIMIZATION_LEVEL = "-O";
				VALIDATE_PRODUCT = YES;
			};
			name = Release;
		};
		FB7ADA1528BE5D07003B0AC9 /* Debug */ = {
			isa = XCBuildConfiguration;
			buildSettings = {
				ASSETCATALOG_COMPILER_APPICON_NAME = AppIcon;
				ASSETCATALOG_COMPILER_GLOBAL_ACCENT_COLOR_NAME = AccentColor;
				CODE_SIGN_IDENTITY = "Apple Development";
				CODE_SIGN_STYLE = Automatic;
				CURRENT_PROJECT_VERSION = 1;
				DEVELOPMENT_TEAM = 833DD2H3KD;
				GENERATE_INFOPLIST_FILE = YES;
				INFOPLIST_FILE = UIKitStudy/Info.plist;
				INFOPLIST_KEY_UIApplicationSupportsIndirectInputEvents = YES;
				INFOPLIST_KEY_UILaunchStoryboardName = LaunchScreen;
				INFOPLIST_KEY_UIMainStoryboardFile = Main;
				INFOPLIST_KEY_UISupportedInterfaceOrientations_iPad = "UIInterfaceOrientationPortrait UIInterfaceOrientationPortraitUpsideDown UIInterfaceOrientationLandscapeLeft UIInterfaceOrientationLandscapeRight";
				INFOPLIST_KEY_UISupportedInterfaceOrientations_iPhone = "UIInterfaceOrientationPortrait UIInterfaceOrientationLandscapeLeft UIInterfaceOrientationLandscapeRight";
				LD_RUNPATH_SEARCH_PATHS = (
					"$(inherited)",
					"@executable_path/Frameworks",
				);
				MARKETING_VERSION = 1.0;
				PRODUCT_BUNDLE_IDENTIFIER = ZeroOfKimStudy.UIKitStudy;
				PRODUCT_NAME = "$(TARGET_NAME)";
				PROVISIONING_PROFILE_SPECIFIER = "";
				SWIFT_EMIT_LOC_STRINGS = YES;
				SWIFT_VERSION = 5.0;
				TARGETED_DEVICE_FAMILY = "1,2";
			};
			name = Debug;
		};
		FB7ADA1628BE5D07003B0AC9 /* Release */ = {
			isa = XCBuildConfiguration;
			buildSettings = {
				ASSETCATALOG_COMPILER_APPICON_NAME = AppIcon;
				ASSETCATALOG_COMPILER_GLOBAL_ACCENT_COLOR_NAME = AccentColor;
				CODE_SIGN_IDENTITY = "Apple Development";
				CODE_SIGN_STYLE = Automatic;
				CURRENT_PROJECT_VERSION = 1;
				DEVELOPMENT_TEAM = 833DD2H3KD;
				GENERATE_INFOPLIST_FILE = YES;
				INFOPLIST_FILE = UIKitStudy/Info.plist;
				INFOPLIST_KEY_UIApplicationSupportsIndirectInputEvents = YES;
				INFOPLIST_KEY_UILaunchStoryboardName = LaunchScreen;
				INFOPLIST_KEY_UIMainStoryboardFile = Main;
				INFOPLIST_KEY_UISupportedInterfaceOrientations_iPad = "UIInterfaceOrientationPortrait UIInterfaceOrientationPortraitUpsideDown UIInterfaceOrientationLandscapeLeft UIInterfaceOrientationLandscapeRight";
				INFOPLIST_KEY_UISupportedInterfaceOrientations_iPhone = "UIInterfaceOrientationPortrait UIInterfaceOrientationLandscapeLeft UIInterfaceOrientationLandscapeRight";
				LD_RUNPATH_SEARCH_PATHS = (
					"$(inherited)",
					"@executable_path/Frameworks",
				);
				MARKETING_VERSION = 1.0;
				PRODUCT_BUNDLE_IDENTIFIER = com.UIKitStudy;
				PRODUCT_NAME = "$(TARGET_NAME)";
				PROVISIONING_PROFILE_SPECIFIER = "";
				SWIFT_EMIT_LOC_STRINGS = YES;
				SWIFT_VERSION = 5.0;
				TARGETED_DEVICE_FAMILY = "1,2";
			};
			name = Release;
		};
/* End XCBuildConfiguration section */

/* Begin XCConfigurationList section */
		FB7AD9FB28BE5D06003B0AC9 /* Build configuration list for PBXProject "UIKitStudy" */ = {
			isa = XCConfigurationList;
			buildConfigurations = (
				FB7ADA1228BE5D07003B0AC9 /* Debug */,
				FB7ADA1328BE5D07003B0AC9 /* Release */,
			);
			defaultConfigurationIsVisible = 0;
			defaultConfigurationName = Release;
		};
		FB7ADA1428BE5D07003B0AC9 /* Build configuration list for PBXNativeTarget "UIKitStudy" */ = {
			isa = XCConfigurationList;
			buildConfigurations = (
				FB7ADA1528BE5D07003B0AC9 /* Debug */,
				FB7ADA1628BE5D07003B0AC9 /* Release */,
			);
			defaultConfigurationIsVisible = 0;
			defaultConfigurationName = Release;
		};
/* End XCConfigurationList section */
	};
	rootObject = FB7AD9F828BE5D06003B0AC9 /* Project object */;
}
